Microsoft Visual Studio Solution File, Format Version 12.00
# Visual Studio Version 17
VisualStudioVersion = 17.5.2.0
MinimumVisualStudioVersion = 10.0.40219.1
Project("{FAE04EC0-301F-11D3-BF4B-00C04F79EFBC}") = "taiwan_github_popular_users", "taiwan_github_popular_users.csproj", "{9CF5E49F-74AB-F55E-8AEA-5DD19E696DB0}"
EndProject
Global
	GlobalSection(SolutionConfigurationPlatforms) = preSolution
		Debug|Any CPU = Debug|Any CPU
		Release|Any CPU = Release|Any CPU
	EndGlobalSection
	GlobalSection(ProjectConfigurationPlatforms) = postSolution
		{9CF5E49F-74AB-F55E-8AEA-5DD19E696DB0}.Debug|Any CPU.ActiveCfg = Debug|Any CPU
		{9CF5E49F-74AB-F55E-8AEA-5DD19E696DB0}.Debug|Any CPU.Build.0 = Debug|Any CPU
		{9CF5E49F-74AB-F55E-8AEA-5DD19E696DB0}.Release|Any CPU.ActiveCfg = Release|Any CPU
		{9CF5E49F-74AB-F55E-8AEA-5DD19E696DB0}.Release|Any CPU.Build.0 = Release|Any CPU
	EndGlobalSection
	GlobalSection(SolutionProperties) = preSolution
		HideSolutionNode = FALSE
	EndGlobalSection
	GlobalSection(ExtensibilityGlobals) = postSolution
		SolutionGuid = {9E47F879-EEA0-48E5-A0B1-AC41B27A08BA}
	EndGlobalSection
EndGlobal
